<?xml version="1.0" encoding="UTF-8"?>
<Scheme
   LastUpgradeVersion = "1310"
   version = "1.3">
   <BuildAction
      parallelizeBuildables = "YES"
      buildImplicitDependencies = "YES">
      <BuildActionEntries>
         <BuildActionEntry
            buildForTesting = "YES"
            buildForRunning = "YES"
            buildForProfiling = "YES"
            buildForArchiving = "YES"
            buildForAnalyzing = "YES">
            <BuildableReference
               BuildableIdentifier = "primary"
               BlueprintIdentifier = "B1E693722752571200997777"
               BuildableName = "oobs"
               BlueprintName = "oobs"
               ReferencedContainer = "container:oobs.xcodeproj">
            </BuildableReference>
         </BuildActionEntry>
      </BuildActionEntries>
   </BuildAction>
   <TestAction
      buildConfiguration = "Debug"
      selectedDebuggerIdentifier = "Xcode.DebuggerFoundation.Debugger.LLDB"
      selectedLauncherIdentifier = "Xcode.DebuggerFoundation.Launcher.LLDB"
      shouldUseLaunchSchemeArgsEnv = "YES">
      <Testables>
      </Testables>
   </TestAction>
   <LaunchAction
      buildConfiguration = "Debug"
      selectedDebuggerIdentifier = "Xcode.DebuggerFoundation.Debugger.LLDB"
      selectedLauncherIdentifier = "Xcode.DebuggerFoundation.Launcher.LLDB"
      launchStyle = "0"
      useCustomWorkingDirectory = "NO"
      ignoresPersistentStateOnLaunch = "NO"
      debugDocumentVersioning = "YES"
      debugServiceExtension = "internal"
      allowLocationSimulation = "YES">
      <BuildableProductRunnable
         runnableDebuggingMode = "0">
         <BuildableReference
            BuildableIdentifier = "primary"
            BlueprintIdentifier = "B1E693722752571200997777"
            BuildableName = "oobs"
            BlueprintName = "oobs"
            ReferencedContainer = "container:oobs.xcodeproj">
         </BuildableReference>
      </BuildableProductRunnable>
      <CommandLineArguments>
         <CommandLineArgument
            argument = "-in /Users/nguyenpham/Downloads/book-carlsen.obs.db3"
            isEnabled = "NO">
         </CommandLineArgument>
         <CommandLineArgument
            argument = "-db /Users/nguyenpham/Downloads/carlsen.ocgdb.db3"
            isEnabled = "NO">
         </CommandLineArgument>
         <CommandLineArgument
            argument = "-in /Users/nguyenpham/bsg/BanksiaMatch/db/Carlsen.pgn"
            isEnabled = "YES">
         </CommandLineArgument>
         <CommandLineArgument
            argument = "-out /Users/nguyenpham/Downloads/book-carlsen.bin"
            isEnabled = "NO">
         </CommandLineArgument>
         <CommandLineArgument
            argument = "-out /Users/nguyenpham/Downloads/book-carlsen.epd"
            isEnabled = "NO">
         </CommandLineArgument>
         <CommandLineArgument
            argument = "-out /Users/nguyenpham/Downloads/book-carlsen.obs.db3"
            isEnabled = "NO">
         </CommandLineArgument>
         <CommandLineArgument
            argument = "-out /Users/nguyenpham/Downloads/book-carlsen.pgn"
            isEnabled = "YES">
         </CommandLineArgument>
         <CommandLineArgument
            argument = "-book /Users/nguyenpham/Downloads/book-354.obs.db3"
            isEnabled = "NO">
         </CommandLineArgument>
         <CommandLineArgument
            argument = "-in /Users/nguyenpham/Downloads/book-mb3.54.obs.db3"
            isEnabled = "NO">
         </CommandLineArgument>
         <CommandLineArgument
            argument = "-q &quot;rnbqkbnr/pppppppp/8/8/8/8/PPPPPPPP/RNBQKBNR w KQkq - 0 1&quot;"
            isEnabled = "NO">
         </CommandLineArgument>
         <CommandLineArgument
            argument = "-book /Users/nguyenpham/Downloads/book-mb3.54.bin"
            isEnabled = "NO">
         </CommandLineArgument>
         <CommandLineArgument
            argument = "-db /Users/nguyenpham/Downloads/mb-3.45.ocgdb.db3"
            isEnabled = "NO">
         </CommandLineArgument>
         <CommandLineArgument
            argument = "-db /Users/nguyenpham/Downloads/345.ocgdb.db3"
            isEnabled = "NO">
         </CommandLineArgument>
         <CommandLineArgument
            argument = "-in /Users/nguyenpham/bsg/BanksiaMatch/db/mb-3.45.pgn"
            isEnabled = "NO">
         </CommandLineArgument>
         <CommandLineArgument
            argument = "-out /Users/nguyenpham/Downloads/b354.obs.db3"
            isEnabled = "NO">
         </CommandLineArgument>
         <CommandLineArgument
            argument = "-create"
            isEnabled = "YES">
         </CommandLineArgument>
         <CommandLineArgument
            argument = "-bench"
            isEnabled = "NO">
         </CommandLineArgument>
         <CommandLineArgument
            argument = "-plytake 20"
            isEnabled = "YES">
         </CommandLineArgument>
         <CommandLineArgument
            argument = "-cpu 4"
            isEnabled = "YES">
         </CommandLineArgument>
         <CommandLineArgument
            argument = "-debug"
            isEnabled = "NO">
         </CommandLineArgument>
         <CommandLineArgument
            argument = "-elo 2000"
            isEnabled = "NO">
         </CommandLineArgument>
         <CommandLineArgument
            argument = "-plycount 40"
            isEnabled = "YES">
         </CommandLineArgument>
         <CommandLineArgument
            argument = "-gamepernode 3"
            isEnabled = "NO">
         </CommandLineArgument>
         <CommandLineArgument
            argument = "-o win=6,loss=-1,draw=2,noresult=draw"
            isEnabled = "YES">
         </CommandLineArgument>
      </CommandLineArguments>
   </LaunchAction>
   <ProfileAction
      buildConfiguration = "Release"
      shouldUseLaunchSchemeArgsEnv = "YES"
      savedToolIdentifier = ""
      useCustomWorkingDirectory = "NO"
      debugDocumentVersioning = "YES">
      <BuildableProductRunnable
         runnableDebuggingMode = "0">
         <BuildableReference
            BuildableIdentifier = "primary"
            BlueprintIdentifier = "B1E693722752571200997777"
            BuildableName = "oobs"
            BlueprintName = "oobs"
            ReferencedContainer = "container:oobs.xcodeproj">
         </BuildableReference>
      </BuildableProductRunnable>
   </ProfileAction>
   <AnalyzeAction
      buildConfiguration = "Debug">
   </AnalyzeAction>
   <ArchiveAction
      buildConfiguration = "Release"
      revealArchiveInOrganizer = "YES">
   </ArchiveAction>
</Scheme>
